
Microsoft Visual Studio Solution File, Format Version 12.00
# Visual Studio Version 17
VisualStudioVersion = 17.0.31903.59
MinimumVisualStudioVersion = 10.0.40219.1
Project("{2150E333-8FDC-42A3-9474-1A3956D46DE8}") = "src", "src", "{47BAF611-AC8B-4FC2-8407-A4AACECFCC25}"
EndProject
Project("{FAE04EC0-301F-11D3-BF4B-00C04F79EFBC}") = "AuctionService", "src\AuctionService\AuctionService.csproj", "{D67DD576-12C3-4713-BFEB-771C541BE01E}"
EndProject
Global
	GlobalSection(SolutionConfigurationPlatforms) = preSolution
		Debug|Any CPU = Debug|Any CPU
		Release|Any CPU = Release|Any CPU
	EndGlobalSection
	GlobalSection(SolutionProperties) = preSolution
		HideSolutionNode = FALSE
	EndGlobalSection
	GlobalSection(ProjectConfigurationPlatforms) = postSolution
		{D67DD576-12C3-4713-BFEB-771C541BE01E}.Debug|Any CPU.ActiveCfg = Debug|Any CPU
		{D67DD576-12C3-4713-BFEB-771C541BE01E}.Debug|Any CPU.Build.0 = Debug|Any CPU
		{D67DD576-12C3-4713-BFEB-771C541BE01E}.Release|Any CPU.ActiveCfg = Release|Any CPU
		{D67DD576-12C3-4713-BFEB-771C541BE01E}.Release|Any CPU.Build.0 = Release|Any CPU
	EndGlobalSection
	GlobalSection(NestedProjects) = preSolution
		{D67DD576-12C3-4713-BFEB-771C541BE01E} = {47BAF611-AC8B-4FC2-8407-A4AACECFCC25}
	EndGlobalSection
EndGlobal
